
Microsoft Visual Studio Solution File, Format Version 12.00
# Visual Studio Version 17
VisualStudioVersion = 17.8.34330.188
MinimumVisualStudioVersion = 10.0.40219.1
Project("{FAE04EC0-301F-11D3-BF4B-00C04F79EFBC}") = "EfDiagram", "EfDiagram.csproj", "{AC3B61B2-7BE7-4CB8-82BD-AC3958E68FE9}"
EndProject
Global
	GlobalSection(SolutionConfigurationPlatforms) = preSolution
		Debug|Any CPU = Debug|Any CPU
		Release|Any CPU = Release|Any CPU
	EndGlobalSection
	GlobalSection(ProjectConfigurationPlatforms) = postSolution
		{AC3B61B2-7BE7-4CB8-82BD-AC3958E68FE9}.Debug|Any CPU.ActiveCfg = Debug|Any CPU
		{AC3B61B2-7BE7-4CB8-82BD-AC3958E68FE9}.Debug|Any CPU.Build.0 = Debug|Any CPU
		{AC3B61B2-7BE7-4CB8-82BD-AC3958E68FE9}.Release|Any CPU.ActiveCfg = Release|Any CPU
		{AC3B61B2-7BE7-4CB8-82BD-AC3958E68FE9}.Release|Any CPU.Build.0 = Release|Any CPU
	EndGlobalSection
	GlobalSection(SolutionProperties) = preSolution
		HideSolutionNode = FALSE
	EndGlobalSection
	GlobalSection(ExtensibilityGlobals) = postSolution
		SolutionGuid = {DA08CED1-B9E6-436D-9CCF-416F53579BB6}
	EndGlobalSection
EndGlobal
